{
  "originHash" : "f368782a9c94d605385683fdfd93cab85b4c31c1ec86347da91b13ada17f3a37",
  "pins" : [
    {
      "identity" : "keyboardshortcuts",
      "kind" : "remoteSourceControl",
      "location" : "https://github.com/sindresorhus/KeyboardShortcuts",
      "state" : {
        "revision" : "2e5f15581fefb821d4b366e57d817be8bf12aa58",
        "version" : "2.0.1"
      }
    }
  ],
  "version" : 3
}
